
Microsoft Visual Studio Solution File, Format Version 12.00
# Visual Studio Version 16
VisualStudioVersion = 16.0.31205.134
MinimumVisualStudioVersion = 10.0.40219.1
Project("{FAE04EC0-301F-11D3-BF4B-00C04F79EFBC}") = "WebDBSchema", "WebDBSchema\WebDBSchema\WebDBSchema.csproj", "{F8A495AA-6C5E-43E1-96E1-27E1095BF337}"
EndProject
Project("{9A19103F-16F7-4668-BE54-9A1E7A4F7556}") = "WebInv.Shared", "WebInv\Shared\WebInv.Shared.csproj", "{8CF0371C-90CE-4EE1-B338-06D1EB1602B0}"
EndProject
Project("{9A19103F-16F7-4668-BE54-9A1E7A4F7556}") = "WebInv.Client", "WebInv\Client\WebInv.Client.csproj", "{E6D180D1-F3F9-41E3-A498-A29D2FB7A4B4}"
EndProject
Project("{9A19103F-16F7-4668-BE54-9A1E7A4F7556}") = "WebInv.Server", "WebInv\Server\WebInv.Server.csproj", "{B138025F-24DF-4A8A-8E8B-2F6A0B2BCC98}"
EndProject
Project("{9A19103F-16F7-4668-BE54-9A1E7A4F7556}") = "WebInv.Server.Test", "WebInv.Server.Test\WebInv.Server.Test.csproj", "{E5075C01-A747-43C7-A8B4-937E9433DDFD}"
EndProject
Project("{FAE04EC0-301F-11D3-BF4B-00C04F79EFBC}") = "TestProject1", "TestProject1\TestProject1.csproj", "{BEB96FD6-4F41-44FC-956B-0FD7A7C80E10}"
EndProject
Global
	GlobalSection(SolutionConfigurationPlatforms) = preSolution
		Debug|Any CPU = Debug|Any CPU
		Release|Any CPU = Release|Any CPU
	EndGlobalSection
	GlobalSection(ProjectConfigurationPlatforms) = postSolution
		{F8A495AA-6C5E-43E1-96E1-27E1095BF337}.Debug|Any CPU.ActiveCfg = Debug|Any CPU
		{F8A495AA-6C5E-43E1-96E1-27E1095BF337}.Debug|Any CPU.Build.0 = Debug|Any CPU
		{F8A495AA-6C5E-43E1-96E1-27E1095BF337}.Release|Any CPU.ActiveCfg = Release|Any CPU
		{F8A495AA-6C5E-43E1-96E1-27E1095BF337}.Release|Any CPU.Build.0 = Release|Any CPU
		{8CF0371C-90CE-4EE1-B338-06D1EB1602B0}.Debug|Any CPU.ActiveCfg = Debug|Any CPU
		{8CF0371C-90CE-4EE1-B338-06D1EB1602B0}.Debug|Any CPU.Build.0 = Debug|Any CPU
		{8CF0371C-90CE-4EE1-B338-06D1EB1602B0}.Release|Any CPU.ActiveCfg = Release|Any CPU
		{8CF0371C-90CE-4EE1-B338-06D1EB1602B0}.Release|Any CPU.Build.0 = Release|Any CPU
		{E6D180D1-F3F9-41E3-A498-A29D2FB7A4B4}.Debug|Any CPU.ActiveCfg = Debug|Any CPU
		{E6D180D1-F3F9-41E3-A498-A29D2FB7A4B4}.Debug|Any CPU.Build.0 = Debug|Any CPU
		{E6D180D1-F3F9-41E3-A498-A29D2FB7A4B4}.Release|Any CPU.ActiveCfg = Release|Any CPU
		{E6D180D1-F3F9-41E3-A498-A29D2FB7A4B4}.Release|Any CPU.Build.0 = Release|Any CPU
		{B138025F-24DF-4A8A-8E8B-2F6A0B2BCC98}.Debug|Any CPU.ActiveCfg = Debug|Any CPU
		{B138025F-24DF-4A8A-8E8B-2F6A0B2BCC98}.Debug|Any CPU.Build.0 = Debug|Any CPU
		{B138025F-24DF-4A8A-8E8B-2F6A0B2BCC98}.Release|Any CPU.ActiveCfg = Release|Any CPU
		{B138025F-24DF-4A8A-8E8B-2F6A0B2BCC98}.Release|Any CPU.Build.0 = Release|Any CPU
		{E5075C01-A747-43C7-A8B4-937E9433DDFD}.Debug|Any CPU.ActiveCfg = Debug|Any CPU
		{E5075C01-A747-43C7-A8B4-937E9433DDFD}.Debug|Any CPU.Build.0 = Debug|Any CPU
		{E5075C01-A747-43C7-A8B4-937E9433DDFD}.Release|Any CPU.ActiveCfg = Release|Any CPU
		{E5075C01-A747-43C7-A8B4-937E9433DDFD}.Release|Any CPU.Build.0 = Release|Any CPU
		{BEB96FD6-4F41-44FC-956B-0FD7A7C80E10}.Debug|Any CPU.ActiveCfg = Debug|Any CPU
		{BEB96FD6-4F41-44FC-956B-0FD7A7C80E10}.Debug|Any CPU.Build.0 = Debug|Any CPU
		{BEB96FD6-4F41-44FC-956B-0FD7A7C80E10}.Release|Any CPU.ActiveCfg = Release|Any CPU
		{BEB96FD6-4F41-44FC-956B-0FD7A7C80E10}.Release|Any CPU.Build.0 = Release|Any CPU
	EndGlobalSection
	GlobalSection(SolutionProperties) = preSolution
		HideSolutionNode = FALSE
	EndGlobalSection
	GlobalSection(ExtensibilityGlobals) = postSolution
		SolutionGuid = {76C6498A-993D-4D1B-8A88-C496E545DF9D}
	EndGlobalSection
EndGlobal
